
Microsoft Visual Studio Solution File, Format Version 12.00
# Visual Studio Version 17
VisualStudioVersion = 17.2.32519.379
MinimumVisualStudioVersion = 10.0.40219.1
Project("{9A19103F-16F7-4668-BE54-9A1E7A4F7556}") = "MonitoringLib", "MonitoringLib\MonitoringLib.csproj", "{44E9647C-A93C-40E2-915C-FDFABE470939}"
EndProject
Project("{9A19103F-16F7-4668-BE54-9A1E7A4F7556}") = "MonitoringApp", "MonitoringApp\MonitoringApp.csproj", "{8EF5DC17-437C-4FCC-BA73-24480C9EF2A5}"
EndProject
Project("{FAE04EC0-301F-11D3-BF4B-00C04F79EFBC}") = "Benchmarking", "Benchmarking\Benchmarking.csproj", "{297CE1B1-7501-4C63-9E8C-5483D623B0F0}"
EndProject
Project("{FAE04EC0-301F-11D3-BF4B-00C04F79EFBC}") = "WorkingWithTasks", "WorkingWithTasks\WorkingWithTasks.csproj", "{11B411E5-5F65-4217-929E-C38A7003FB0A}"
EndProject
Global
	GlobalSection(SolutionConfigurationPlatforms) = preSolution
		Debug|Any CPU = Debug|Any CPU
		Release|Any CPU = Release|Any CPU
	EndGlobalSection
	GlobalSection(ProjectConfigurationPlatforms) = postSolution
		{44E9647C-A93C-40E2-915C-FDFABE470939}.Debug|Any CPU.ActiveCfg = Debug|Any CPU
		{44E9647C-A93C-40E2-915C-FDFABE470939}.Debug|Any CPU.Build.0 = Debug|Any CPU
		{44E9647C-A93C-40E2-915C-FDFABE470939}.Release|Any CPU.ActiveCfg = Release|Any CPU
		{44E9647C-A93C-40E2-915C-FDFABE470939}.Release|Any CPU.Build.0 = Release|Any CPU
		{8EF5DC17-437C-4FCC-BA73-24480C9EF2A5}.Debug|Any CPU.ActiveCfg = Debug|Any CPU
		{8EF5DC17-437C-4FCC-BA73-24480C9EF2A5}.Debug|Any CPU.Build.0 = Debug|Any CPU
		{8EF5DC17-437C-4FCC-BA73-24480C9EF2A5}.Release|Any CPU.ActiveCfg = Release|Any CPU
		{8EF5DC17-437C-4FCC-BA73-24480C9EF2A5}.Release|Any CPU.Build.0 = Release|Any CPU
		{297CE1B1-7501-4C63-9E8C-5483D623B0F0}.Debug|Any CPU.ActiveCfg = Debug|Any CPU
		{297CE1B1-7501-4C63-9E8C-5483D623B0F0}.Debug|Any CPU.Build.0 = Debug|Any CPU
		{297CE1B1-7501-4C63-9E8C-5483D623B0F0}.Release|Any CPU.ActiveCfg = Release|Any CPU
		{297CE1B1-7501-4C63-9E8C-5483D623B0F0}.Release|Any CPU.Build.0 = Release|Any CPU
		{11B411E5-5F65-4217-929E-C38A7003FB0A}.Debug|Any CPU.ActiveCfg = Debug|Any CPU
		{11B411E5-5F65-4217-929E-C38A7003FB0A}.Debug|Any CPU.Build.0 = Debug|Any CPU
		{11B411E5-5F65-4217-929E-C38A7003FB0A}.Release|Any CPU.ActiveCfg = Release|Any CPU
		{11B411E5-5F65-4217-929E-C38A7003FB0A}.Release|Any CPU.Build.0 = Release|Any CPU
	EndGlobalSection
	GlobalSection(SolutionProperties) = preSolution
		HideSolutionNode = FALSE
	EndGlobalSection
	GlobalSection(ExtensibilityGlobals) = postSolution
		SolutionGuid = {1D8E577A-CFF7-45EF-BC8B-B8241C3989D5}
	EndGlobalSection
EndGlobal
