
Microsoft Visual Studio Solution File, Format Version 12.00
Project("{FAE04EC0-301F-11D3-BF4B-00C04F79EFBC}") = "PacktLibrary", "PacktLibrary\PacktLibrary.csproj", "{E665A8C8-8BDB-485E-936C-C41776F34544}"
EndProject
Project("{FAE04EC0-301F-11D3-BF4B-00C04F79EFBC}") = "PeopleApp", "PeopleApp\PeopleApp.csproj", "{8B572B33-21D2-48C5-B09D-61FCD5B11FB0}"
EndProject
Project("{FAE04EC0-301F-11D3-BF4B-00C04F79EFBC}") = "PacktLibraryModern", "PacktLibraryModern\PacktLibraryModern.csproj", "{9DCB4E69-AD46-4E60-AFA8-CE862C3739D3}"
EndProject
Global
	GlobalSection(SolutionConfigurationPlatforms) = preSolution
		Debug|Any CPU = Debug|Any CPU
		Release|Any CPU = Release|Any CPU
	EndGlobalSection
	GlobalSection(ProjectConfigurationPlatforms) = postSolution
		{E665A8C8-8BDB-485E-936C-C41776F34544}.Debug|Any CPU.ActiveCfg = Debug|Any CPU
		{E665A8C8-8BDB-485E-936C-C41776F34544}.Debug|Any CPU.Build.0 = Debug|Any CPU
		{E665A8C8-8BDB-485E-936C-C41776F34544}.Release|Any CPU.ActiveCfg = Release|Any CPU
		{E665A8C8-8BDB-485E-936C-C41776F34544}.Release|Any CPU.Build.0 = Release|Any CPU
		{8B572B33-21D2-48C5-B09D-61FCD5B11FB0}.Debug|Any CPU.ActiveCfg = Debug|Any CPU
		{8B572B33-21D2-48C5-B09D-61FCD5B11FB0}.Debug|Any CPU.Build.0 = Debug|Any CPU
		{8B572B33-21D2-48C5-B09D-61FCD5B11FB0}.Release|Any CPU.ActiveCfg = Release|Any CPU
		{8B572B33-21D2-48C5-B09D-61FCD5B11FB0}.Release|Any CPU.Build.0 = Release|Any CPU
		{9DCB4E69-AD46-4E60-AFA8-CE862C3739D3}.Debug|Any CPU.ActiveCfg = Debug|Any CPU
		{9DCB4E69-AD46-4E60-AFA8-CE862C3739D3}.Debug|Any CPU.Build.0 = Debug|Any CPU
		{9DCB4E69-AD46-4E60-AFA8-CE862C3739D3}.Release|Any CPU.ActiveCfg = Release|Any CPU
		{9DCB4E69-AD46-4E60-AFA8-CE862C3739D3}.Release|Any CPU.Build.0 = Release|Any CPU
	EndGlobalSection
EndGlobal
